
Microsoft Visual Studio Solution File, Format Version 12.00
# Visual Studio Version 17
VisualStudioVersion = 17.12.35707.178
MinimumVisualStudioVersion = 10.0.40219.1
Project("{2150E333-8FDC-42A3-9474-1A3956D46DE8}") = "src", "src", "{137AA8CB-FFA0-4379-B0EB-632072121E42}"
EndProject
Project("{2150E333-8FDC-42A3-9474-1A3956D46DE8}") = "tests", "tests", "{2B1723DC-4009-46C0-A10A-219ADDBBA652}"
EndProject
Project("{FAE04EC0-301F-11D3-BF4B-00C04F79EFBC}") = "StockMarketApp.UI", "StockMarketApp.UI\StockMarketApp.UI.csproj", "{EEFBBEC3-610D-4896-899F-AEAA585A3C0E}"
EndProject
Project("{FAE04EC0-301F-11D3-BF4B-00C04F79EFBC}") = "StockMarketApp.Core", "StockMarketApp.Core\StockMarketApp.Core.csproj", "{AC305922-4FF3-45AC-A186-3500F0C66EF9}"
EndProject
Project("{FAE04EC0-301F-11D3-BF4B-00C04F79EFBC}") = "StockMarketApp.Infrastructure", "StockMarketApp.Infrastructure\StockMarketApp.Infrastructure.csproj", "{737F33D7-CD0C-4CB5-8909-A92C6CF000E8}"
EndProject
Project("{FAE04EC0-301F-11D3-BF4B-00C04F79EFBC}") = "StockMarketApp.ServiceTest", "StockMarketApp.ServiceTest\StockMarketApp.ServiceTest.csproj", "{B69C2BFE-8413-4C43-8FA8-1B293AB00BD3}"
EndProject
Global
	GlobalSection(SolutionConfigurationPlatforms) = preSolution
		Debug|Any CPU = Debug|Any CPU
		Release|Any CPU = Release|Any CPU
	EndGlobalSection
	GlobalSection(ProjectConfigurationPlatforms) = postSolution
		{EEFBBEC3-610D-4896-899F-AEAA585A3C0E}.Debug|Any CPU.ActiveCfg = Debug|Any CPU
		{EEFBBEC3-610D-4896-899F-AEAA585A3C0E}.Debug|Any CPU.Build.0 = Debug|Any CPU
		{EEFBBEC3-610D-4896-899F-AEAA585A3C0E}.Release|Any CPU.ActiveCfg = Release|Any CPU
		{EEFBBEC3-610D-4896-899F-AEAA585A3C0E}.Release|Any CPU.Build.0 = Release|Any CPU
		{AC305922-4FF3-45AC-A186-3500F0C66EF9}.Debug|Any CPU.ActiveCfg = Debug|Any CPU
		{AC305922-4FF3-45AC-A186-3500F0C66EF9}.Debug|Any CPU.Build.0 = Debug|Any CPU
		{AC305922-4FF3-45AC-A186-3500F0C66EF9}.Release|Any CPU.ActiveCfg = Release|Any CPU
		{AC305922-4FF3-45AC-A186-3500F0C66EF9}.Release|Any CPU.Build.0 = Release|Any CPU
		{737F33D7-CD0C-4CB5-8909-A92C6CF000E8}.Debug|Any CPU.ActiveCfg = Debug|Any CPU
		{737F33D7-CD0C-4CB5-8909-A92C6CF000E8}.Debug|Any CPU.Build.0 = Debug|Any CPU
		{737F33D7-CD0C-4CB5-8909-A92C6CF000E8}.Release|Any CPU.ActiveCfg = Release|Any CPU
		{737F33D7-CD0C-4CB5-8909-A92C6CF000E8}.Release|Any CPU.Build.0 = Release|Any CPU
		{B69C2BFE-8413-4C43-8FA8-1B293AB00BD3}.Debug|Any CPU.ActiveCfg = Debug|Any CPU
		{B69C2BFE-8413-4C43-8FA8-1B293AB00BD3}.Debug|Any CPU.Build.0 = Debug|Any CPU
		{B69C2BFE-8413-4C43-8FA8-1B293AB00BD3}.Release|Any CPU.ActiveCfg = Release|Any CPU
		{B69C2BFE-8413-4C43-8FA8-1B293AB00BD3}.Release|Any CPU.Build.0 = Release|Any CPU
	EndGlobalSection
	GlobalSection(SolutionProperties) = preSolution
		HideSolutionNode = FALSE
	EndGlobalSection
	GlobalSection(NestedProjects) = preSolution
		{EEFBBEC3-610D-4896-899F-AEAA585A3C0E} = {137AA8CB-FFA0-4379-B0EB-632072121E42}
		{AC305922-4FF3-45AC-A186-3500F0C66EF9} = {137AA8CB-FFA0-4379-B0EB-632072121E42}
		{737F33D7-CD0C-4CB5-8909-A92C6CF000E8} = {137AA8CB-FFA0-4379-B0EB-632072121E42}
		{B69C2BFE-8413-4C43-8FA8-1B293AB00BD3} = {2B1723DC-4009-46C0-A10A-219ADDBBA652}
	EndGlobalSection
EndGlobal
