
Microsoft Visual Studio Solution File, Format Version 12.00
# Visual Studio Version 17
VisualStudioVersion = 17.12.35707.178
MinimumVisualStudioVersion = 10.0.40219.1
Project("{FAE04EC0-301F-11D3-BF4B-00C04F79EFBC}") = "StockMarketApp", "StockMarketApp\StockMarketApp.csproj", "{F92C7435-FB27-402D-910D-128EC68DCA65}"
EndProject
Project("{FAE04EC0-301F-11D3-BF4B-00C04F79EFBC}") = "ServicesContracts", "IFinnhubService\ServicesContracts.csproj", "{7073651C-64E9-4CCC-BF39-AFE627871E8A}"
EndProject
Project("{FAE04EC0-301F-11D3-BF4B-00C04F79EFBC}") = "Servicies", "Servicies\Servicies.csproj", "{B392083C-2B6E-41E0-BE41-6C190ABBA763}"
EndProject
Project("{FAE04EC0-301F-11D3-BF4B-00C04F79EFBC}") = "Entities", "Entities\Entities.csproj", "{C2BC67B3-36CA-41E6-AA09-6D4E296CCB11}"
EndProject
Global
	GlobalSection(SolutionConfigurationPlatforms) = preSolution
		Debug|Any CPU = Debug|Any CPU
		Release|Any CPU = Release|Any CPU
	EndGlobalSection
	GlobalSection(ProjectConfigurationPlatforms) = postSolution
		{F92C7435-FB27-402D-910D-128EC68DCA65}.Debug|Any CPU.ActiveCfg = Debug|Any CPU
		{F92C7435-FB27-402D-910D-128EC68DCA65}.Debug|Any CPU.Build.0 = Debug|Any CPU
		{F92C7435-FB27-402D-910D-128EC68DCA65}.Release|Any CPU.ActiveCfg = Release|Any CPU
		{F92C7435-FB27-402D-910D-128EC68DCA65}.Release|Any CPU.Build.0 = Release|Any CPU
		{7073651C-64E9-4CCC-BF39-AFE627871E8A}.Debug|Any CPU.ActiveCfg = Debug|Any CPU
		{7073651C-64E9-4CCC-BF39-AFE627871E8A}.Debug|Any CPU.Build.0 = Debug|Any CPU
		{7073651C-64E9-4CCC-BF39-AFE627871E8A}.Release|Any CPU.ActiveCfg = Release|Any CPU
		{7073651C-64E9-4CCC-BF39-AFE627871E8A}.Release|Any CPU.Build.0 = Release|Any CPU
		{B392083C-2B6E-41E0-BE41-6C190ABBA763}.Debug|Any CPU.ActiveCfg = Debug|Any CPU
		{B392083C-2B6E-41E0-BE41-6C190ABBA763}.Debug|Any CPU.Build.0 = Debug|Any CPU
		{B392083C-2B6E-41E0-BE41-6C190ABBA763}.Release|Any CPU.ActiveCfg = Release|Any CPU
		{B392083C-2B6E-41E0-BE41-6C190ABBA763}.Release|Any CPU.Build.0 = Release|Any CPU
		{C2BC67B3-36CA-41E6-AA09-6D4E296CCB11}.Debug|Any CPU.ActiveCfg = Debug|Any CPU
		{C2BC67B3-36CA-41E6-AA09-6D4E296CCB11}.Debug|Any CPU.Build.0 = Debug|Any CPU
		{C2BC67B3-36CA-41E6-AA09-6D4E296CCB11}.Release|Any CPU.ActiveCfg = Release|Any CPU
		{C2BC67B3-36CA-41E6-AA09-6D4E296CCB11}.Release|Any CPU.Build.0 = Release|Any CPU
	EndGlobalSection
	GlobalSection(SolutionProperties) = preSolution
		HideSolutionNode = FALSE
	EndGlobalSection
EndGlobal
